
Microsoft Visual Studio Solution File, Format Version 12.00
# Visual Studio Version 17
VisualStudioVersion = 17.7.34202.233
MinimumVisualStudioVersion = 10.0.40219.1
Project("{FAE04EC0-301F-11D3-BF4B-00C04F79EFBC}") = "Practice05_03_2024+SearchMethod", "Practice05_03_2024+SearchMethod\Practice05_03_2024+SearchMethod.csproj", "{37EF4965-1773-4A84-94FB-84DE06DE6F6E}"
EndProject
Global
	GlobalSection(SolutionConfigurationPlatforms) = preSolution
		Debug|Any CPU = Debug|Any CPU
		Release|Any CPU = Release|Any CPU
	EndGlobalSection
	GlobalSection(ProjectConfigurationPlatforms) = postSolution
		{37EF4965-1773-4A84-94FB-84DE06DE6F6E}.Debug|Any CPU.ActiveCfg = Debug|Any CPU
		{37EF4965-1773-4A84-94FB-84DE06DE6F6E}.Debug|Any CPU.Build.0 = Debug|Any CPU
		{37EF4965-1773-4A84-94FB-84DE06DE6F6E}.Release|Any CPU.ActiveCfg = Release|Any CPU
		{37EF4965-1773-4A84-94FB-84DE06DE6F6E}.Release|Any CPU.Build.0 = Release|Any CPU
	EndGlobalSection
	GlobalSection(SolutionProperties) = preSolution
		HideSolutionNode = FALSE
	EndGlobalSection
	GlobalSection(ExtensibilityGlobals) = postSolution
		SolutionGuid = {61E014A2-B2C7-49F2-AE5C-6C6F86178725}
	EndGlobalSection
EndGlobal
